
Microsoft Visual Studio Solution File, Format Version 12.00
# Visual Studio Version 17
VisualStudioVersion = 17.5.002.0
MinimumVisualStudioVersion = 10.0.40219.1
Project("{9A19103F-16F7-4668-BE54-9A1E7A4F7556}") = "2-keys-keyboard", "2-keys-keyboard.csproj", "{03B30D92-14CB-405D-9156-1B84A9A79598}"
EndProject
Global
	GlobalSection(SolutionConfigurationPlatforms) = preSolution
		Debug|Any CPU = Debug|Any CPU
		Release|Any CPU = Release|Any CPU
	EndGlobalSection
	GlobalSection(ProjectConfigurationPlatforms) = postSolution
		{03B30D92-14CB-405D-9156-1B84A9A79598}.Debug|Any CPU.ActiveCfg = Debug|Any CPU
		{03B30D92-14CB-405D-9156-1B84A9A79598}.Debug|Any CPU.Build.0 = Debug|Any CPU
		{03B30D92-14CB-405D-9156-1B84A9A79598}.Release|Any CPU.ActiveCfg = Release|Any CPU
		{03B30D92-14CB-405D-9156-1B84A9A79598}.Release|Any CPU.Build.0 = Release|Any CPU
	EndGlobalSection
	GlobalSection(SolutionProperties) = preSolution
		HideSolutionNode = FALSE
	EndGlobalSection
	GlobalSection(ExtensibilityGlobals) = postSolution
		SolutionGuid = {5BE3B9BD-588A-4B57-A11C-5ED95F595ABA}
	EndGlobalSection
EndGlobal
